
Microsoft Visual Studio Solution File, Format Version 12.00
# Visual Studio 15
VisualStudioVersion = 15.0.27703.2026
MinimumVisualStudioVersion = 10.0.40219.1
Project("{FAE04EC0-301F-11D3-BF4B-00C04F79EFBC}") = "TestLocWpfApp1", "TestLocWpfApp1\TestLocWpfApp1.csproj", "{FCB81CA5-5A6F-4612-9E10-F45F0F72CF4D}"
EndProject
Global
	GlobalSection(SolutionConfigurationPlatforms) = preSolution
		Debug|Any CPU = Debug|Any CPU
		Release|Any CPU = Release|Any CPU
	EndGlobalSection
	GlobalSection(ProjectConfigurationPlatforms) = postSolution
		{FCB81CA5-5A6F-4612-9E10-F45F0F72CF4D}.Debug|Any CPU.ActiveCfg = Debug|Any CPU
		{FCB81CA5-5A6F-4612-9E10-F45F0F72CF4D}.Debug|Any CPU.Build.0 = Debug|Any CPU
		{FCB81CA5-5A6F-4612-9E10-F45F0F72CF4D}.Release|Any CPU.ActiveCfg = Release|Any CPU
		{FCB81CA5-5A6F-4612-9E10-F45F0F72CF4D}.Release|Any CPU.Build.0 = Release|Any CPU
	EndGlobalSection
	GlobalSection(SolutionProperties) = preSolution
		HideSolutionNode = FALSE
	EndGlobalSection
	GlobalSection(ExtensibilityGlobals) = postSolution
		SolutionGuid = {5B3CDA75-F78A-43CD-A05E-8982889B569F}
	EndGlobalSection
EndGlobal
